
Microsoft Visual Studio Solution File, Format Version 12.00
# Visual Studio 15
VisualStudioVersion = 15.0.27703.2000
MinimumVisualStudioVersion = 10.0.40219.1
Project("{9A19103F-16F7-4668-BE54-9A1E7A4F7556}") = "sample", "sample.csproj", "{DE22FB86-8817-4BE3-8617-1C2A2F8D7BFC}"
EndProject
Global
	GlobalSection(SolutionConfigurationPlatforms) = preSolution
		Debug|Any CPU = Debug|Any CPU
		Release|Any CPU = Release|Any CPU
	EndGlobalSection
	GlobalSection(ProjectConfigurationPlatforms) = postSolution
		{DE22FB86-8817-4BE3-8617-1C2A2F8D7BFC}.Debug|Any CPU.ActiveCfg = Debug|Any CPU
		{DE22FB86-8817-4BE3-8617-1C2A2F8D7BFC}.Debug|Any CPU.Build.0 = Debug|Any CPU
		{DE22FB86-8817-4BE3-8617-1C2A2F8D7BFC}.Release|Any CPU.ActiveCfg = Release|Any CPU
		{DE22FB86-8817-4BE3-8617-1C2A2F8D7BFC}.Release|Any CPU.Build.0 = Release|Any CPU
	EndGlobalSection
	GlobalSection(SolutionProperties) = preSolution
		HideSolutionNode = FALSE
	EndGlobalSection
	GlobalSection(ExtensibilityGlobals) = postSolution
		SolutionGuid = {AFB3A48B-EE7F-449A-8F74-79E926753E35}
	EndGlobalSection
EndGlobal
